{
  "name": "5harness",
  "version": "0.27.0",
  "lockfileVersion": 3,
  "requires": true,
  "packages": {
    "": {
      "name": "5harness",
      "version": "0.27.0",
      "license": "MIT",
      "bin": {
        "5harness": "dist/cli.js",
        "5hn": "dist/cli.js",
        "harness": "dist/cli.js"
      },
      "engines": {
        "node": ">=22.5.0"
      }
    }
  }
}
